
Microsoft Visual Studio Solution File, Format Version 12.00
# Visual Studio Version 16
VisualStudioVersion = 16.0.31829.152
MinimumVisualStudioVersion = 10.0.40219.1
Project("{FAE04EC0-301F-11D3-BF4B-00C04F79EFBC}") = "QuanLyNhanSu", "QuanLyNhanSu\QuanLyNhanSu.csproj", "{D9E5434B-87F0-4C22-842E-2E47A9CBF6CF}"
EndProject
Project("{FAE04EC0-301F-11D3-BF4B-00C04F79EFBC}") = "UnitTest", "UnitTest\UnitTest.csproj", "{BF3FE8B4-93C2-466E-BF73-7726572C70D4}"
EndProject
Global
	GlobalSection(SolutionConfigurationPlatforms) = preSolution
		Debug|Any CPU = Debug|Any CPU
		Release|Any CPU = Release|Any CPU
	EndGlobalSection
	GlobalSection(ProjectConfigurationPlatforms) = postSolution
		{D9E5434B-87F0-4C22-842E-2E47A9CBF6CF}.Debug|Any CPU.ActiveCfg = Debug|Any CPU
		{D9E5434B-87F0-4C22-842E-2E47A9CBF6CF}.Debug|Any CPU.Build.0 = Debug|Any CPU
		{D9E5434B-87F0-4C22-842E-2E47A9CBF6CF}.Release|Any CPU.ActiveCfg = Release|Any CPU
		{D9E5434B-87F0-4C22-842E-2E47A9CBF6CF}.Release|Any CPU.Build.0 = Release|Any CPU
		{BF3FE8B4-93C2-466E-BF73-7726572C70D4}.Debug|Any CPU.ActiveCfg = Debug|Any CPU
		{BF3FE8B4-93C2-466E-BF73-7726572C70D4}.Debug|Any CPU.Build.0 = Debug|Any CPU
		{BF3FE8B4-93C2-466E-BF73-7726572C70D4}.Release|Any CPU.ActiveCfg = Release|Any CPU
		{BF3FE8B4-93C2-466E-BF73-7726572C70D4}.Release|Any CPU.Build.0 = Release|Any CPU
	EndGlobalSection
	GlobalSection(SolutionProperties) = preSolution
		HideSolutionNode = FALSE
	EndGlobalSection
	GlobalSection(ExtensibilityGlobals) = postSolution
		SolutionGuid = {5996CA44-F012-4D26-880D-B96AC2AADA09}
	EndGlobalSection
EndGlobal
